// !$*UTF8*$!
{
	archiveVersion = 1;
	classes = {
	};
	objectVersion = 50;
	objects = {

/* Begin PBXBuildFile section */
		0AE8D9892224667300C022EE /* AppDelegate.swift in Sources */ = {isa = PBXBuildFile; fileRef = 0AE8D9882224667300C022EE /* AppDelegate.swift */; };
		0AE8D98B2224667300C022EE /* ViewController.swift in Sources */ = {isa = PBXBuildFile; fileRef = 0AE8D98A2224667300C022EE /* ViewController.swift */; };
		0AE8D98E2224667300C022EE /* Main.storyboard in Resources */ = {isa = PBXBuildFile; fileRef = 0AE8D98C2224667300C022EE /* Main.storyboard */; };
		0AE8D9902224667900C022EE /* Assets.xcassets in Resources */ = {isa = PBXBuildFile; fileRef = 0AE8D98F2224667900C022EE /* Assets.xcassets */; };
		0AE8D9932224667900C022EE /* LaunchScreen.storyboard in Resources */ = {isa = PBXBuildFile; fileRef = 0AE8D9912224667900C022EE /* LaunchScreen.storyboard */; };
		0AE8D99E2224667A00C022EE /* BirdBitsTests.swift in Sources */ = {isa = PBXBuildFile; fileRef = 0AE8D99D2224667A00C022EE /* BirdBitsTests.swift */; };
		0AE8D9AE2224676900C022EE /* Home.swift in Sources */ = {isa = PBXBuildFile; fileRef = 0AE8D9AD2224676900C022EE /* Home.swift */; };
		0AE8D9B0222467A600C022EE /* Views.storyboard in Resources */ = {isa = PBXBuildFile; fileRef = 0AE8D9AF222467A600C022EE /* Views.storyboard */; };
		0AE8D9B2222467D400C022EE /* InventoryOverviewList.swift in Sources */ = {isa = PBXBuildFile; fileRef = 0AE8D9B1222467D400C022EE /* InventoryOverviewList.swift */; };
		0AE8D9B4222467EB00C022EE /* InventoryList.swift in Sources */ = {isa = PBXBuildFile; fileRef = 0AE8D9B3222467EB00C022EE /* InventoryList.swift */; };
		0AE8D9B6222467F700C022EE /* InventoryDetail.swift in Sources */ = {isa = PBXBuildFile; fileRef = 0AE8D9B5222467F700C022EE /* InventoryDetail.swift */; };
		0AE8D9B82224890300C022EE /* HomeCell.xib in Resources */ = {isa = PBXBuildFile; fileRef = 0AE8D9B72224890300C022EE /* HomeCell.xib */; };
		0AE8D9BA2224895A00C022EE /* HomeCell.swift in Sources */ = {isa = PBXBuildFile; fileRef = 0AE8D9B92224895A00C022EE /* HomeCell.swift */; };
		0AE8D9BC22249D7000C022EE /* InventoryOverviewCell.xib in Resources */ = {isa = PBXBuildFile; fileRef = 0AE8D9BB22249D7000C022EE /* InventoryOverviewCell.xib */; };
		0AE8D9BE22249D7E00C022EE /* InventoryOverviewCell.swift in Sources */ = {isa = PBXBuildFile; fileRef = 0AE8D9BD22249D7E00C022EE /* InventoryOverviewCell.swift */; };
		0AE8D9C12225926A00C022EE /* BuildCalcOverview.swift in Sources */ = {isa = PBXBuildFile; fileRef = 0AE8D9C02225926A00C022EE /* BuildCalcOverview.swift */; };
		0AE8D9C42225B1C600C022EE /* inventory_test.json in Resources */ = {isa = PBXBuildFile; fileRef = 0AE8D9C32225B1C600C022EE /* inventory_test.json */; };
		0AE8D9C72225B56600C022EE /* PartModel.swift in Sources */ = {isa = PBXBuildFile; fileRef = 0AE8D9C62225B56600C022EE /* PartModel.swift */; };
		0AE8D9C92225B67E00C022EE /* PartValuesModel.swift in Sources */ = {isa = PBXBuildFile; fileRef = 0AE8D9C82225B67E00C022EE /* PartValuesModel.swift */; };
		0AE8D9CF2225CA6100C022EE /* InventoryCell.xib in Resources */ = {isa = PBXBuildFile; fileRef = 0AE8D9CE2225CA6100C022EE /* InventoryCell.xib */; };
		0AE8D9D12225CA7300C022EE /* InventoryCell.swift in Sources */ = {isa = PBXBuildFile; fileRef = 0AE8D9D02225CA7300C022EE /* InventoryCell.swift */; };
		0AE8D9D6222ECC0B00C022EE /* NetworkService.swift in Sources */ = {isa = PBXBuildFile; fileRef = 0AE8D9D5222ECC0B00C022EE /* NetworkService.swift */; };
		0AE8D9D8222ECC8300C022EE /* InventoryEndpoint.swift in Sources */ = {isa = PBXBuildFile; fileRef = 0AE8D9D7222ECC8300C022EE /* InventoryEndpoint.swift */; };
		0AE8D9DD222F68E300C022EE /* ResponseError.swift in Sources */ = {isa = PBXBuildFile; fileRef = 0AE8D9DC222F68E300C022EE /* ResponseError.swift */; };
		0AE8D9DF222F690200C022EE /* InputError.swift in Sources */ = {isa = PBXBuildFile; fileRef = 0AE8D9DE222F690200C022EE /* InputError.swift */; };
		0AE8D9E3222F6BB900C022EE /* APIConstants.swift in Sources */ = {isa = PBXBuildFile; fileRef = 0AE8D9E2222F6BB900C022EE /* APIConstants.swift */; };
/* End PBXBuildFile section */

/* Begin PBXContainerItemProxy section */
		0AE8D99A2224667A00C022EE /* PBXContainerItemProxy */ = {
			isa = PBXContainerItemProxy;
			containerPortal = 0AE8D97D2224667300C022EE /* Project object */;
			proxyType = 1;
			remoteGlobalIDString = 0AE8D9842224667300C022EE;
			remoteInfo = BirdBits;
		};
/* End PBXContainerItemProxy section */

/* Begin PBXFileReference section */
		0AE8D9852224667300C022EE /* BirdBits.app */ = {isa = PBXFileReference; explicitFileType = wrapper.application; includeInIndex = 0; path = BirdBits.app; sourceTree = BUILT_PRODUCTS_DIR; };
		0AE8D9882224667300C022EE /* AppDelegate.swift */ = {isa = PBXFileReference; lastKnownFileType = sourcecode.swift; path = AppDelegate.swift; sourceTree = "<group>"; };
		0AE8D98A2224667300C022EE /* ViewController.swift */ = {isa = PBXFileReference; lastKnownFileType = sourcecode.swift; path = ViewController.swift; sourceTree = "<group>"; };
		0AE8D98D2224667300C022EE /* Base */ = {isa = PBXFileReference; lastKnownFileType = file.storyboard; name = Base; path = Base.lproj/Main.storyboard; sourceTree = "<group>"; };
		0AE8D98F2224667900C022EE /* Assets.xcassets */ = {isa = PBXFileReference; lastKnownFileType = folder.assetcatalog; path = Assets.xcassets; sourceTree = "<group>"; };
		0AE8D9922224667900C022EE /* Base */ = {isa = PBXFileReference; lastKnownFileType = file.storyboard; name = Base; path = Base.lproj/LaunchScreen.storyboard; sourceTree = "<group>"; };
		0AE8D9942224667900C022EE /* Info.plist */ = {isa = PBXFileReference; lastKnownFileType = text.plist.xml; path = Info.plist; sourceTree = "<group>"; };
		0AE8D9992224667A00C022EE /* BirdBitsTests.xctest */ = {isa = PBXFileReference; explicitFileType = wrapper.cfbundle; includeInIndex = 0; path = BirdBitsTests.xctest; sourceTree = BUILT_PRODUCTS_DIR; };
		0AE8D99D2224667A00C022EE /* BirdBitsTests.swift */ = {isa = PBXFileReference; lastKnownFileType = sourcecode.swift; path = BirdBitsTests.swift; sourceTree = "<group>"; };
		0AE8D99F2224667A00C022EE /* Info.plist */ = {isa = PBXFileReference; lastKnownFileType = text.plist.xml; path = Info.plist; sourceTree = "<group>"; };
		0AE8D9AD2224676900C022EE /* Home.swift */ = {isa = PBXFileReference; lastKnownFileType = sourcecode.swift; path = Home.swift; sourceTree = "<group>"; };
		0AE8D9AF222467A600C022EE /* Views.storyboard */ = {isa = PBXFileReference; lastKnownFileType = file.storyboard; path = Views.storyboard; sourceTree = "<group>"; };
		0AE8D9B1222467D400C022EE /* InventoryOverviewList.swift */ = {isa = PBXFileReference; lastKnownFileType = sourcecode.swift; path = InventoryOverviewList.swift; sourceTree = "<group>"; };
		0AE8D9B3222467EB00C022EE /* InventoryList.swift */ = {isa = PBXFileReference; lastKnownFileType = sourcecode.swift; path = InventoryList.swift; sourceTree = "<group>"; };
		0AE8D9B5222467F700C022EE /* InventoryDetail.swift */ = {isa = PBXFileReference; lastKnownFileType = sourcecode.swift; path = InventoryDetail.swift; sourceTree = "<group>"; };
		0AE8D9B72224890300C022EE /* HomeCell.xib */ = {isa = PBXFileReference; lastKnownFileType = file.xib; path = HomeCell.xib; sourceTree = "<group>"; };
		0AE8D9B92224895A00C022EE /* HomeCell.swift */ = {isa = PBXFileReference; lastKnownFileType = sourcecode.swift; path = HomeCell.swift; sourceTree = "<group>"; };
		0AE8D9BB22249D7000C022EE /* InventoryOverviewCell.xib */ = {isa = PBXFileReference; lastKnownFileType = file.xib; path = InventoryOverviewCell.xib; sourceTree = "<group>"; };
		0AE8D9BD22249D7E00C022EE /* InventoryOverviewCell.swift */ = {isa = PBXFileReference; lastKnownFileType = sourcecode.swift; path = InventoryOverviewCell.swift; sourceTree = "<group>"; };
		0AE8D9C02225926A00C022EE /* BuildCalcOverview.swift */ = {isa = PBXFileReference; lastKnownFileType = sourcecode.swift; path = BuildCalcOverview.swift; sourceTree = "<group>"; };
		0AE8D9C32225B1C600C022EE /* inventory_test.json */ = {isa = PBXFileReference; lastKnownFileType = text.json; path = inventory_test.json; sourceTree = "<group>"; };
		0AE8D9C62225B56600C022EE /* PartModel.swift */ = {isa = PBXFileReference; lastKnownFileType = sourcecode.swift; path = PartModel.swift; sourceTree = "<group>"; };
		0AE8D9C82225B67E00C022EE /* PartValuesModel.swift */ = {isa = PBXFileReference; lastKnownFileType = sourcecode.swift; path = PartValuesModel.swift; sourceTree = "<group>"; };
		0AE8D9CE2225CA6100C022EE /* InventoryCell.xib */ = {isa = PBXFileReference; lastKnownFileType = file.xib; path = InventoryCell.xib; sourceTree = "<group>"; };
		0AE8D9D02225CA7300C022EE /* InventoryCell.swift */ = {isa = PBXFileReference; lastKnownFileType = sourcecode.swift; path = InventoryCell.swift; sourceTree = "<group>"; };
		0AE8D9D5222ECC0B00C022EE /* NetworkService.swift */ = {isa = PBXFileReference; lastKnownFileType = sourcecode.swift; path = NetworkService.swift; sourceTree = "<group>"; };
		0AE8D9D7222ECC8300C022EE /* InventoryEndpoint.swift */ = {isa = PBXFileReference; lastKnownFileType = sourcecode.swift; path = InventoryEndpoint.swift; sourceTree = "<group>"; };
		0AE8D9DC222F68E300C022EE /* ResponseError.swift */ = {isa = PBXFileReference; lastKnownFileType = sourcecode.swift; path = ResponseError.swift; sourceTree = "<group>"; };
		0AE8D9DE222F690200C022EE /* InputError.swift */ = {isa = PBXFileReference; lastKnownFileType = sourcecode.swift; path = InputError.swift; sourceTree = "<group>"; };
		0AE8D9E2222F6BB900C022EE /* APIConstants.swift */ = {isa = PBXFileReference; lastKnownFileType = sourcecode.swift; path = APIConstants.swift; sourceTree = "<group>"; };
/* End PBXFileReference section */

/* Begin PBXFrameworksBuildPhase section */
		0AE8D9822224667300C022EE /* Frameworks */ = {
			isa = PBXFrameworksBuildPhase;
			buildActionMask = 2147483647;
			files = (
			);
			runOnlyForDeploymentPostprocessing = 0;
		};
		0AE8D9962224667A00C022EE /* Frameworks */ = {
			isa = PBXFrameworksBuildPhase;
			buildActionMask = 2147483647;
			files = (
			);
			runOnlyForDeploymentPostprocessing = 0;
		};
/* End PBXFrameworksBuildPhase section */

/* Begin PBXGroup section */
		0AE8D97C2224667300C022EE = {
			isa = PBXGroup;
			children = (
				0AE8D9872224667300C022EE /* BirdBits */,
				0AE8D99C2224667A00C022EE /* BirdBitsTests */,
				0AE8D9862224667300C022EE /* Products */,
			);
			sourceTree = "<group>";
		};
		0AE8D9862224667300C022EE /* Products */ = {
			isa = PBXGroup;
			children = (
				0AE8D9852224667300C022EE /* BirdBits.app */,
				0AE8D9992224667A00C022EE /* BirdBitsTests.xctest */,
			);
			name = Products;
			sourceTree = "<group>";
		};
		0AE8D9872224667300C022EE /* BirdBits */ = {
			isa = PBXGroup;
			children = (
				0AE8D9C22225B19D00C022EE /* TestData */,
				0AE8D9A9222466C500C022EE /* API */,
				0AE8D9A8222466BA00C022EE /* Views */,
				0AE8D9882224667300C022EE /* AppDelegate.swift */,
				0AE8D98A2224667300C022EE /* ViewController.swift */,
				0AE8D98C2224667300C022EE /* Main.storyboard */,
				0AE8D98F2224667900C022EE /* Assets.xcassets */,
				0AE8D9912224667900C022EE /* LaunchScreen.storyboard */,
				0AE8D9942224667900C022EE /* Info.plist */,
			);
			path = BirdBits;
			sourceTree = "<group>";
		};
		0AE8D99C2224667A00C022EE /* BirdBitsTests */ = {
			isa = PBXGroup;
			children = (
				0AE8D99D2224667A00C022EE /* BirdBitsTests.swift */,
				0AE8D99F2224667A00C022EE /* Info.plist */,
			);
			path = BirdBitsTests;
			sourceTree = "<group>";
		};
		0AE8D9A8222466BA00C022EE /* Views */ = {
			isa = PBXGroup;
			children = (
				0AE8D9BF2225925400C022EE /* Build Calculator */,
				0AE8D9AC2224674600C022EE /* Inventory */,
				0AE8D9AB2224673700C022EE /* Home */,
				0AE8D9AF222467A600C022EE /* Views.storyboard */,
			);
			path = Views;
			sourceTree = "<group>";
		};
		0AE8D9A9222466C500C022EE /* API */ = {
			isa = PBXGroup;
			children = (
				0AE8D9E2222F6BB900C022EE /* APIConstants.swift */,
				0AE8D9D5222ECC0B00C022EE /* NetworkService.swift */,
				0AE8D9AA222466ED00C022EE /* Models */,
				0AE8D9D4222ECBAF00C022EE /* Endpoints */,
			);
			path = API;
			sourceTree = "<group>";
		};
		0AE8D9AA222466ED00C022EE /* Models */ = {
			isa = PBXGroup;
			children = (
				0AE8D9D9222F686200C022EE /* Errors */,
				0AE8D9C52225B54E00C022EE /* Inventory */,
			);
			path = Models;
			sourceTree = "<group>";
		};
		0AE8D9AB2224673700C022EE /* Home */ = {
			isa = PBXGroup;
			children = (
				0AE8D9AD2224676900C022EE /* Home.swift */,
				0AE8D9B72224890300C022EE /* HomeCell.xib */,
				0AE8D9B92224895A00C022EE /* HomeCell.swift */,
			);
			path = Home;
			sourceTree = "<group>";
		};
		0AE8D9AC2224674600C022EE /* Inventory */ = {
			isa = PBXGroup;
			children = (
				0AE8D9B1222467D400C022EE /* InventoryOverviewList.swift */,
				0AE8D9BB22249D7000C022EE /* InventoryOverviewCell.xib */,
				0AE8D9BD22249D7E00C022EE /* InventoryOverviewCell.swift */,
				0AE8D9B3222467EB00C022EE /* InventoryList.swift */,
				0AE8D9CE2225CA6100C022EE /* InventoryCell.xib */,
				0AE8D9D02225CA7300C022EE /* InventoryCell.swift */,
				0AE8D9B5222467F700C022EE /* InventoryDetail.swift */,
			);
			path = Inventory;
			sourceTree = "<group>";
		};
		0AE8D9BF2225925400C022EE /* Build Calculator */ = {
			isa = PBXGroup;
			children = (
				0AE8D9C02225926A00C022EE /* BuildCalcOverview.swift */,
			);
			path = "Build Calculator";
			sourceTree = "<group>";
		};
		0AE8D9C22225B19D00C022EE /* TestData */ = {
			isa = PBXGroup;
			children = (
				0AE8D9C32225B1C600C022EE /* inventory_test.json */,
			);
			path = TestData;
			sourceTree = "<group>";
		};
		0AE8D9C52225B54E00C022EE /* Inventory */ = {
			isa = PBXGroup;
			children = (
				0AE8D9C62225B56600C022EE /* PartModel.swift */,
				0AE8D9C82225B67E00C022EE /* PartValuesModel.swift */,
			);
			path = Inventory;
			sourceTree = "<group>";
		};
		0AE8D9D4222ECBAF00C022EE /* Endpoints */ = {
			isa = PBXGroup;
			children = (
				0AE8D9D7222ECC8300C022EE /* InventoryEndpoint.swift */,
			);
			path = Endpoints;
			sourceTree = "<group>";
		};
		0AE8D9D9222F686200C022EE /* Errors */ = {
			isa = PBXGroup;
			children = (
				0AE8D9DC222F68E300C022EE /* ResponseError.swift */,
				0AE8D9DE222F690200C022EE /* InputError.swift */,
			);
			path = Errors;
			sourceTree = "<group>";
		};
/* End PBXGroup section */

/* Begin PBXNativeTarget section */
		0AE8D9842224667300C022EE /* BirdBits */ = {
			isa = PBXNativeTarget;
			buildConfigurationList = 0AE8D9A22224667A00C022EE /* Build configuration list for PBXNativeTarget "BirdBits" */;
			buildPhases = (
				0AE8D9812224667300C022EE /* Sources */,
				0AE8D9822224667300C022EE /* Frameworks */,
				0AE8D9832224667300C022EE /* Resources */,
			);
			buildRules = (
			);
			dependencies = (
			);
			name = BirdBits;
			productName = BirdBits;
			productReference = 0AE8D9852224667300C022EE /* BirdBits.app */;
			productType = "com.apple.product-type.application";
		};
		0AE8D9982224667A00C022EE /* BirdBitsTests */ = {
			isa = PBXNativeTarget;
			buildConfigurationList = 0AE8D9A52224667A00C022EE /* Build configuration list for PBXNativeTarget "BirdBitsTests" */;
			buildPhases = (
				0AE8D9952224667A00C022EE /* Sources */,
				0AE8D9962224667A00C022EE /* Frameworks */,
				0AE8D9972224667A00C022EE /* Resources */,
			);
			buildRules = (
			);
			dependencies = (
				0AE8D99B2224667A00C022EE /* PBXTargetDependency */,
			);
			name = BirdBitsTests;
			productName = BirdBitsTests;
			productReference = 0AE8D9992224667A00C022EE /* BirdBitsTests.xctest */;
			productType = "com.apple.product-type.bundle.unit-test";
		};
/* End PBXNativeTarget section */

/* Begin PBXProject section */
		0AE8D97D2224667300C022EE /* Project object */ = {
			isa = PBXProject;
			attributes = {
				LastSwiftUpdateCheck = 1010;
				LastUpgradeCheck = 1010;
				ORGANIZATIONNAME = "Bird Audio Machines";
				TargetAttributes = {
					0AE8D9842224667300C022EE = {
						CreatedOnToolsVersion = 10.1;
					};
					0AE8D9982224667A00C022EE = {
						CreatedOnToolsVersion = 10.1;
						TestTargetID = 0AE8D9842224667300C022EE;
					};
				};
			};
			buildConfigurationList = 0AE8D9802224667300C022EE /* Build configuration list for PBXProject "BirdBits" */;
			compatibilityVersion = "Xcode 9.3";
			developmentRegion = en;
			hasScannedForEncodings = 0;
			knownRegions = (
				en,
				Base,
			);
			mainGroup = 0AE8D97C2224667300C022EE;
			productRefGroup = 0AE8D9862224667300C022EE /* Products */;
			projectDirPath = "";
			projectRoot = "";
			targets = (
				0AE8D9842224667300C022EE /* BirdBits */,
				0AE8D9982224667A00C022EE /* BirdBitsTests */,
			);
		};
/* End PBXProject section */

/* Begin PBXResourcesBuildPhase section */
		0AE8D9832224667300C022EE /* Resources */ = {
			isa = PBXResourcesBuildPhase;
			buildActionMask = 2147483647;
			files = (
				0AE8D9CF2225CA6100C022EE /* InventoryCell.xib in Resources */,
				0AE8D9932224667900C022EE /* LaunchScreen.storyboard in Resources */,
				0AE8D9BC22249D7000C022EE /* InventoryOverviewCell.xib in Resources */,
				0AE8D9B0222467A600C022EE /* Views.storyboard in Resources */,
				0AE8D9902224667900C022EE /* Assets.xcassets in Resources */,
				0AE8D9C42225B1C600C022EE /* inventory_test.json in Resources */,
				0AE8D98E2224667300C022EE /* Main.storyboard in Resources */,
				0AE8D9B82224890300C022EE /* HomeCell.xib in Resources */,
			);
			runOnlyForDeploymentPostprocessing = 0;
		};
		0AE8D9972224667A00C022EE /* Resources */ = {
			isa = PBXResourcesBuildPhase;
			buildActionMask = 2147483647;
			files = (
			);
			runOnlyForDeploymentPostprocessing = 0;
		};
/* End PBXResourcesBuildPhase section */

/* Begin PBXSourcesBuildPhase section */
		0AE8D9812224667300C022EE /* Sources */ = {
			isa = PBXSourcesBuildPhase;
			buildActionMask = 2147483647;
			files = (
				0AE8D9B4222467EB00C022EE /* InventoryList.swift in Sources */,
				0AE8D9BA2224895A00C022EE /* HomeCell.swift in Sources */,
				0AE8D9C72225B56600C022EE /* PartModel.swift in Sources */,
				0AE8D98B2224667300C022EE /* ViewController.swift in Sources */,
				0AE8D9C92225B67E00C022EE /* PartValuesModel.swift in Sources */,
				0AE8D9DF222F690200C022EE /* InputError.swift in Sources */,
				0AE8D9BE22249D7E00C022EE /* InventoryOverviewCell.swift in Sources */,
				0AE8D9AE2224676900C022EE /* Home.swift in Sources */,
				0AE8D9B6222467F700C022EE /* InventoryDetail.swift in Sources */,
				0AE8D9D12225CA7300C022EE /* InventoryCell.swift in Sources */,
				0AE8D9C12225926A00C022EE /* BuildCalcOverview.swift in Sources */,
				0AE8D9892224667300C022EE /* AppDelegate.swift in Sources */,
				0AE8D9D8222ECC8300C022EE /* InventoryEndpoint.swift in Sources */,
				0AE8D9DD222F68E300C022EE /* ResponseError.swift in Sources */,
				0AE8D9E3222F6BB900C022EE /* APIConstants.swift in Sources */,
				0AE8D9D6222ECC0B00C022EE /* NetworkService.swift in Sources */,
				0AE8D9B2222467D400C022EE /* InventoryOverviewList.swift in Sources */,
			);
			runOnlyForDeploymentPostprocessing = 0;
		};
		0AE8D9952224667A00C022EE /* Sources */ = {
			isa = PBXSourcesBuildPhase;
			buildActionMask = 2147483647;
			files = (
				0AE8D99E2224667A00C022EE /* BirdBitsTests.swift in Sources */,
			);
			runOnlyForDeploymentPostprocessing = 0;
		};
/* End PBXSourcesBuildPhase section */

/* Begin PBXTargetDependency section */
		0AE8D99B2224667A00C022EE /* PBXTargetDependency */ = {
			isa = PBXTargetDependency;
			target = 0AE8D9842224667300C022EE /* BirdBits */;
			targetProxy = 0AE8D99A2224667A00C022EE /* PBXContainerItemProxy */;
		};
/* End PBXTargetDependency section */

/* Begin PBXVariantGroup section */
		0AE8D98C2224667300C022EE /* Main.storyboard */ = {
			isa = PBXVariantGroup;
			children = (
				0AE8D98D2224667300C022EE /* Base */,
			);
			name = Main.storyboard;
			sourceTree = "<group>";
		};
		0AE8D9912224667900C022EE /* LaunchScreen.storyboard */ = {
			isa = PBXVariantGroup;
			children = (
				0AE8D9922224667900C022EE /* Base */,
			);
			name = LaunchScreen.storyboard;
			sourceTree = "<group>";
		};
/* End PBXVariantGroup section */

/* Begin XCBuildConfiguration section */
		0AE8D9A02224667A00C022EE /* Debug */ = {
			isa = XCBuildConfiguration;
			buildSettings = {
				ALWAYS_SEARCH_USER_PATHS = NO;
				CLANG_ANALYZER_NONNULL = YES;
				CLANG_ANALYZER_NUMBER_OBJECT_CONVERSION = YES_AGGRESSIVE;
				CLANG_CXX_LANGUAGE_STANDARD = "gnu++14";
				CLANG_CXX_LIBRARY = "libc++";
				CLANG_ENABLE_MODULES = YES;
				CLANG_ENABLE_OBJC_ARC = YES;
				CLANG_ENABLE_OBJC_WEAK = YES;
				CLANG_WARN_BLOCK_CAPTURE_AUTORELEASING = YES;
				CLANG_WARN_BOOL_CONVERSION = YES;
				CLANG_WARN_COMMA = YES;
				CLANG_WARN_CONSTANT_CONVERSION = YES;
				CLANG_WARN_DEPRECATED_OBJC_IMPLEMENTATIONS = YES;
				CLANG_WARN_DIRECT_OBJC_ISA_USAGE = YES_ERROR;
				CLANG_WARN_DOCUMENTATION_COMMENTS = YES;
				CLANG_WARN_EMPTY_BODY = YES;
				CLANG_WARN_ENUM_CONVERSION = YES;
				CLANG_WARN_INFINITE_RECURSION = YES;
				CLANG_WARN_INT_CONVERSION = YES;
				CLANG_WARN_NON_LITERAL_NULL_CONVERSION = YES;
				CLANG_WARN_OBJC_IMPLICIT_RETAIN_SELF = YES;
				CLANG_WARN_OBJC_LITERAL_CONVERSION = YES;
				CLANG_WARN_OBJC_ROOT_CLASS = YES_ERROR;
				CLANG_WARN_RANGE_LOOP_ANALYSIS = YES;
				CLANG_WARN_STRICT_PROTOTYPES = YES;
				CLANG_WARN_SUSPICIOUS_MOVE = YES;
				CLANG_WARN_UNGUARDED_AVAILABILITY = YES_AGGRESSIVE;
				CLANG_WARN_UNREACHABLE_CODE = YES;
				CLANG_WARN__DUPLICATE_METHOD_MATCH = YES;
				CODE_SIGN_IDENTITY = "iPhone Developer";
				COPY_PHASE_STRIP = NO;
				DEBUG_INFORMATION_FORMAT = dwarf;
				ENABLE_STRICT_OBJC_MSGSEND = YES;
				ENABLE_TESTABILITY = YES;
				GCC_C_LANGUAGE_STANDARD = gnu11;
				GCC_DYNAMIC_NO_PIC = NO;
				GCC_NO_COMMON_BLOCKS = YES;
				GCC_OPTIMIZATION_LEVEL = 0;
				GCC_PREPROCESSOR_DEFINITIONS = (
					"DEBUG=1",
					"$(inherited)",
				);
				GCC_WARN_64_TO_32_BIT_CONVERSION = YES;
				GCC_WARN_ABOUT_RETURN_TYPE = YES_ERROR;
				GCC_WARN_UNDECLARED_SELECTOR = YES;
				GCC_WARN_UNINITIALIZED_AUTOS = YES_AGGRESSIVE;
				GCC_WARN_UNUSED_FUNCTION = YES;
				GCC_WARN_UNUSED_VARIABLE = YES;
				IPHONEOS_DEPLOYMENT_TARGET = 12.1;
				MTL_ENABLE_DEBUG_INFO = INCLUDE_SOURCE;
				MTL_FAST_MATH = YES;
				ONLY_ACTIVE_ARCH = YES;
				SDKROOT = iphoneos;
				SWIFT_ACTIVE_COMPILATION_CONDITIONS = DEBUG;
				SWIFT_OPTIMIZATION_LEVEL = "-Onone";
			};
			name = Debug;
		};
		0AE8D9A12224667A00C022EE /* Release */ = {
			isa = XCBuildConfiguration;
			buildSettings = {
				ALWAYS_SEARCH_USER_PATHS = NO;
				CLANG_ANALYZER_NONNULL = YES;
				CLANG_ANALYZER_NUMBER_OBJECT_CONVERSION = YES_AGGRESSIVE;
				CLANG_CXX_LANGUAGE_STANDARD = "gnu++14";
				CLANG_CXX_LIBRARY = "libc++";
				CLANG_ENABLE_MODULES = YES;
				CLANG_ENABLE_OBJC_ARC = YES;
				CLANG_ENABLE_OBJC_WEAK = YES;
				CLANG_WARN_BLOCK_CAPTURE_AUTORELEASING = YES;
				CLANG_WARN_BOOL_CONVERSION = YES;
				CLANG_WARN_COMMA = YES;
				CLANG_WARN_CONSTANT_CONVERSION = YES;
				CLANG_WARN_DEPRECATED_OBJC_IMPLEMENTATIONS = YES;
				CLANG_WARN_DIRECT_OBJC_ISA_USAGE = YES_ERROR;
				CLANG_WARN_DOCUMENTATION_COMMENTS = YES;
				CLANG_WARN_EMPTY_BODY = YES;
				CLANG_WARN_ENUM_CONVERSION = YES;
				CLANG_WARN_INFINITE_RECURSION = YES;
				CLANG_WARN_INT_CONVERSION = YES;
				CLANG_WARN_NON_LITERAL_NULL_CONVERSION = YES;
				CLANG_WARN_OBJC_IMPLICIT_RETAIN_SELF = YES;
				CLANG_WARN_OBJC_LITERAL_CONVERSION = YES;
				CLANG_WARN_OBJC_ROOT_CLASS = YES_ERROR;
				CLANG_WARN_RANGE_LOOP_ANALYSIS = YES;
				CLANG_WARN_STRICT_PROTOTYPES = YES;
				CLANG_WARN_SUSPICIOUS_MOVE = YES;
				CLANG_WARN_UNGUARDED_AVAILABILITY = YES_AGGRESSIVE;
				CLANG_WARN_UNREACHABLE_CODE = YES;
				CLANG_WARN__DUPLICATE_METHOD_MATCH = YES;
				CODE_SIGN_IDENTITY = "iPhone Developer";
				COPY_PHASE_STRIP = NO;
				DEBUG_INFORMATION_FORMAT = "dwarf-with-dsym";
				ENABLE_NS_ASSERTIONS = NO;
				ENABLE_STRICT_OBJC_MSGSEND = YES;
				GCC_C_LANGUAGE_STANDARD = gnu11;
				GCC_NO_COMMON_BLOCKS = YES;
				GCC_WARN_64_TO_32_BIT_CONVERSION = YES;
				GCC_WARN_ABOUT_RETURN_TYPE = YES_ERROR;
				GCC_WARN_UNDECLARED_SELECTOR = YES;
				GCC_WARN_UNINITIALIZED_AUTOS = YES_AGGRESSIVE;
				GCC_WARN_UNUSED_FUNCTION = YES;
				GCC_WARN_UNUSED_VARIABLE = YES;
				IPHONEOS_DEPLOYMENT_TARGET = 12.1;
				MTL_ENABLE_DEBUG_INFO = NO;
				MTL_FAST_MATH = YES;
				SDKROOT = iphoneos;
				SWIFT_COMPILATION_MODE = wholemodule;
				SWIFT_OPTIMIZATION_LEVEL = "-O";
				VALIDATE_PRODUCT = YES;
			};
			name = Release;
		};
		0AE8D9A32224667A00C022EE /* Debug */ = {
			isa = XCBuildConfiguration;
			buildSettings = {
				ASSETCATALOG_COMPILER_APPICON_NAME = AppIcon;
				CODE_SIGN_STYLE = Automatic;
				DEVELOPMENT_TEAM = 8YJ99S3YVF;
				INFOPLIST_FILE = BirdBits/Info.plist;
				LD_RUNPATH_SEARCH_PATHS = (
					"$(inherited)",
					"@executable_path/Frameworks",
				);
				PRODUCT_BUNDLE_IDENTIFIER = com.birdaudiomachines.BirdBits;
				PRODUCT_NAME = "$(TARGET_NAME)";
				SWIFT_VERSION = 4.2;
				TARGETED_DEVICE_FAMILY = "1,2";
			};
			name = Debug;
		};
		0AE8D9A42224667A00C022EE /* Release */ = {
			isa = XCBuildConfiguration;
			buildSettings = {
				ASSETCATALOG_COMPILER_APPICON_NAME = AppIcon;
				CODE_SIGN_STYLE = Automatic;
				DEVELOPMENT_TEAM = 8YJ99S3YVF;
				INFOPLIST_FILE = BirdBits/Info.plist;
				LD_RUNPATH_SEARCH_PATHS = (
					"$(inherited)",
					"@executable_path/Frameworks",
				);
				PRODUCT_BUNDLE_IDENTIFIER = com.birdaudiomachines.BirdBits;
				PRODUCT_NAME = "$(TARGET_NAME)";
				SWIFT_VERSION = 4.2;
				TARGETED_DEVICE_FAMILY = "1,2";
			};
			name = Release;
		};
		0AE8D9A62224667A00C022EE /* Debug */ = {
			isa = XCBuildConfiguration;
			buildSettings = {
				ALWAYS_EMBED_SWIFT_STANDARD_LIBRARIES = YES;
				BUNDLE_LOADER = "$(TEST_HOST)";
				CODE_SIGN_STYLE = Automatic;
				DEVELOPMENT_TEAM = 8YJ99S3YVF;
				INFOPLIST_FILE = BirdBitsTests/Info.plist;
				LD_RUNPATH_SEARCH_PATHS = (
					"$(inherited)",
					"@executable_path/Frameworks",
					"@loader_path/Frameworks",
				);
				PRODUCT_BUNDLE_IDENTIFIER = com.birdaudiomachines.BirdBitsTests;
				PRODUCT_NAME = "$(TARGET_NAME)";
				SWIFT_VERSION = 4.2;
				TARGETED_DEVICE_FAMILY = "1,2";
				TEST_HOST = "$(BUILT_PRODUCTS_DIR)/BirdBits.app/BirdBits";
			};
			name = Debug;
		};
		0AE8D9A72224667A00C022EE /* Release */ = {
			isa = XCBuildConfiguration;
			buildSettings = {
				ALWAYS_EMBED_SWIFT_STANDARD_LIBRARIES = YES;
				BUNDLE_LOADER = "$(TEST_HOST)";
				CODE_SIGN_STYLE = Automatic;
				DEVELOPMENT_TEAM = 8YJ99S3YVF;
				INFOPLIST_FILE = BirdBitsTests/Info.plist;
				LD_RUNPATH_SEARCH_PATHS = (
					"$(inherited)",
					"@executable_path/Frameworks",
					"@loader_path/Frameworks",
				);
				PRODUCT_BUNDLE_IDENTIFIER = com.birdaudiomachines.BirdBitsTests;
				PRODUCT_NAME = "$(TARGET_NAME)";
				SWIFT_VERSION = 4.2;
				TARGETED_DEVICE_FAMILY = "1,2";
				TEST_HOST = "$(BUILT_PRODUCTS_DIR)/BirdBits.app/BirdBits";
			};
			name = Release;
		};
/* End XCBuildConfiguration section */

/* Begin XCConfigurationList section */
		0AE8D9802224667300C022EE /* Build configuration list for PBXProject "BirdBits" */ = {
			isa = XCConfigurationList;
			buildConfigurations = (
				0AE8D9A02224667A00C022EE /* Debug */,
				0AE8D9A12224667A00C022EE /* Release */,
			);
			defaultConfigurationIsVisible = 0;
			defaultConfigurationName = Release;
		};
		0AE8D9A22224667A00C022EE /* Build configuration list for PBXNativeTarget "BirdBits" */ = {
			isa = XCConfigurationList;
			buildConfigurations = (
				0AE8D9A32224667A00C022EE /* Debug */,
				0AE8D9A42224667A00C022EE /* Release */,
			);
			defaultConfigurationIsVisible = 0;
			defaultConfigurationName = Release;
		};
		0AE8D9A52224667A00C022EE /* Build configuration list for PBXNativeTarget "BirdBitsTests" */ = {
			isa = XCConfigurationList;
			buildConfigurations = (
				0AE8D9A62224667A00C022EE /* Debug */,
				0AE8D9A72224667A00C022EE /* Release */,
			);
			defaultConfigurationIsVisible = 0;
			defaultConfigurationName = Release;
		};
/* End XCConfigurationList section */
	};
	rootObject = 0AE8D97D2224667300C022EE /* Project object */;
}
